
Microsoft Visual Studio Solution File, Format Version 12.00
# Visual Studio Version 17
VisualStudioVersion = 17.2.32616.157
MinimumVisualStudioVersion = 10.0.40219.1
Project("{2150E333-8FDC-42A3-9474-1A3956D46DE8}") = "Services", "Services", "{BDA0C3E3-F7BE-46F9-80F4-4026045285FC}"
EndProject
Project("{2150E333-8FDC-42A3-9474-1A3956D46DE8}") = "EventBus", "EventBus", "{5517E791-478E-491D-A1C6-18AB95242F67}"
EndProject
Project("{2150E333-8FDC-42A3-9474-1A3956D46DE8}") = "ApiGetways", "ApiGetways", "{DEF55243-1D1E-42E9-B141-8EA7280E8160}"
EndProject
Project("{2150E333-8FDC-42A3-9474-1A3956D46DE8}") = "Clients", "Clients", "{ACE2883A-3015-4DE9-9AA1-1D8D93CCBF41}"
EndProject
Project("{9A19103F-16F7-4668-BE54-9A1E7A4F7556}") = "RabbitMQEventBus", "EventBus\RabbitMQEventBus\RabbitMQEventBus.csproj", "{2514BD68-8F23-42E0-A696-531D5C5D176B}"
EndProject
Project("{9A19103F-16F7-4668-BE54-9A1E7A4F7556}") = "MvcClient", "Clients\MvcClient\MvcClient.csproj", "{B1BFD5B3-CF6A-4635-9CB4-03BFB62B3921}"
EndProject
Project("{9A19103F-16F7-4668-BE54-9A1E7A4F7556}") = "MvcAdmin", "Clients\MvcAdmin\MvcAdmin.csproj", "{75F0FA60-08AF-487B-B402-454D19BB8CFE}"
EndProject
Project("{9A19103F-16F7-4668-BE54-9A1E7A4F7556}") = "Basket.Api", "Services\Basket.Api\Basket.Api.csproj", "{D7800B73-0DFB-49E3-A450-6F0E173C30D1}"
EndProject
Project("{9A19103F-16F7-4668-BE54-9A1E7A4F7556}") = "Book.Api", "Services\Book.Api\Book.Api.csproj", "{AA590A8F-B780-4F79-B9B1-27B08B0F0971}"
EndProject
Project("{9A19103F-16F7-4668-BE54-9A1E7A4F7556}") = "Borrowing.Api", "Services\Borrow.Api\Borrowing.Api.csproj", "{FC70FF55-E7BC-4382-BFB1-2F39DECDFF5B}"
EndProject
Project("{9A19103F-16F7-4668-BE54-9A1E7A4F7556}") = "IdentityServer", "Services\IdentityServer\IdentityServer.csproj", "{10D02FFB-A60B-40F7-887F-565BF331B442}"
EndProject
Project("{9A19103F-16F7-4668-BE54-9A1E7A4F7556}") = "EventLogService", "EventBus\EventLogService\EventLogService.csproj", "{234B5908-367C-48CA-B3BF-E7029B99BCE0}"
EndProject
Project("{2150E333-8FDC-42A3-9474-1A3956D46DE8}") = "Envoy", "Envoy", "{305E50B9-7AA7-4C81-A62F-09BE14CDF9CE}"
	ProjectSection(SolutionItems) = preProject
		ApiGetways\Envoy\Dockerfile = ApiGetways\Envoy\Dockerfile
		ApiGetways\Envoy\envoy.yaml = ApiGetways\Envoy\envoy.yaml
		ApiGetways\Envoy\https.crt = ApiGetways\Envoy\https.crt
		ApiGetways\Envoy\key.pem = ApiGetways\Envoy\key.pem
	EndProjectSection
EndProject
Project("{9A19103F-16F7-4668-BE54-9A1E7A4F7556}") = "Borrowing.BackgroundTask", "Services\Borrowing.BackgroundService\Borrowing.BackgroundTask.csproj", "{764012A3-FD89-4952-9BD4-6B2D05CEA990}"
EndProject
Project("{9A19103F-16F7-4668-BE54-9A1E7A4F7556}") = "BorrowNotification.Api", "Services\BorrowNotification.Api\BorrowNotification.Api.csproj", "{D2F9C22F-63E1-42A5-A9F4-4EC463794BB0}"
EndProject
Project("{E53339B2-1760-4266-BCC7-CA923CBCF16C}") = "docker-compose", "docker-compose.dcproj", "{8A801F10-25BB-4087-A6C4-0D3E8520AB7B}"
EndProject
Project("{9A19103F-16F7-4668-BE54-9A1E7A4F7556}") = "BookOnline.Aggregator", "ApiGetways\BookOnline.Aggregator\BookOnline.Aggregator.csproj", "{434C3038-AD5B-4624-B9A0-4DEFF81C9201}"
EndProject
Project("{9A19103F-16F7-4668-BE54-9A1E7A4F7556}") = "Basket.Api.UnitTest", "Services\Basket.Api.UnitTest\Basket.Api.UnitTest.csproj", "{C5406CB0-BDC1-45AE-94DC-168ED99ADA69}"
EndProject
Project("{2150E333-8FDC-42A3-9474-1A3956D46DE8}") = "Basket", "Basket", "{19F04526-B7FA-4274-81FE-8B79F3715E68}"
EndProject
Project("{FAE04EC0-301F-11D3-BF4B-00C04F79EFBC}") = "Basket.Api.FuncTest", "Services\Basket.Api.FuncTest\Basket.Api.FuncTest.csproj", "{E72F68E5-26B0-4273-8B4D-63ED9F217864}"
EndProject
Global
	GlobalSection(SolutionConfigurationPlatforms) = preSolution
		Debug|Any CPU = Debug|Any CPU
		Release|Any CPU = Release|Any CPU
	EndGlobalSection
	GlobalSection(ProjectConfigurationPlatforms) = postSolution
		{2514BD68-8F23-42E0-A696-531D5C5D176B}.Debug|Any CPU.ActiveCfg = Debug|Any CPU
		{2514BD68-8F23-42E0-A696-531D5C5D176B}.Debug|Any CPU.Build.0 = Debug|Any CPU
		{2514BD68-8F23-42E0-A696-531D5C5D176B}.Release|Any CPU.ActiveCfg = Release|Any CPU
		{2514BD68-8F23-42E0-A696-531D5C5D176B}.Release|Any CPU.Build.0 = Release|Any CPU
		{B1BFD5B3-CF6A-4635-9CB4-03BFB62B3921}.Debug|Any CPU.ActiveCfg = Debug|Any CPU
		{B1BFD5B3-CF6A-4635-9CB4-03BFB62B3921}.Debug|Any CPU.Build.0 = Debug|Any CPU
		{B1BFD5B3-CF6A-4635-9CB4-03BFB62B3921}.Release|Any CPU.ActiveCfg = Release|Any CPU
		{B1BFD5B3-CF6A-4635-9CB4-03BFB62B3921}.Release|Any CPU.Build.0 = Release|Any CPU
		{75F0FA60-08AF-487B-B402-454D19BB8CFE}.Debug|Any CPU.ActiveCfg = Debug|Any CPU
		{75F0FA60-08AF-487B-B402-454D19BB8CFE}.Debug|Any CPU.Build.0 = Debug|Any CPU
		{75F0FA60-08AF-487B-B402-454D19BB8CFE}.Release|Any CPU.ActiveCfg = Release|Any CPU
		{75F0FA60-08AF-487B-B402-454D19BB8CFE}.Release|Any CPU.Build.0 = Release|Any CPU
		{D7800B73-0DFB-49E3-A450-6F0E173C30D1}.Debug|Any CPU.ActiveCfg = Debug|Any CPU
		{D7800B73-0DFB-49E3-A450-6F0E173C30D1}.Debug|Any CPU.Build.0 = Debug|Any CPU
		{D7800B73-0DFB-49E3-A450-6F0E173C30D1}.Release|Any CPU.ActiveCfg = Release|Any CPU
		{D7800B73-0DFB-49E3-A450-6F0E173C30D1}.Release|Any CPU.Build.0 = Release|Any CPU
		{AA590A8F-B780-4F79-B9B1-27B08B0F0971}.Debug|Any CPU.ActiveCfg = Debug|Any CPU
		{AA590A8F-B780-4F79-B9B1-27B08B0F0971}.Debug|Any CPU.Build.0 = Debug|Any CPU
		{AA590A8F-B780-4F79-B9B1-27B08B0F0971}.Release|Any CPU.ActiveCfg = Release|Any CPU
		{AA590A8F-B780-4F79-B9B1-27B08B0F0971}.Release|Any CPU.Build.0 = Release|Any CPU
		{FC70FF55-E7BC-4382-BFB1-2F39DECDFF5B}.Debug|Any CPU.ActiveCfg = Debug|Any CPU
		{FC70FF55-E7BC-4382-BFB1-2F39DECDFF5B}.Debug|Any CPU.Build.0 = Debug|Any CPU
		{FC70FF55-E7BC-4382-BFB1-2F39DECDFF5B}.Release|Any CPU.ActiveCfg = Release|Any CPU
		{FC70FF55-E7BC-4382-BFB1-2F39DECDFF5B}.Release|Any CPU.Build.0 = Release|Any CPU
		{10D02FFB-A60B-40F7-887F-565BF331B442}.Debug|Any CPU.ActiveCfg = Debug|Any CPU
		{10D02FFB-A60B-40F7-887F-565BF331B442}.Debug|Any CPU.Build.0 = Debug|Any CPU
		{10D02FFB-A60B-40F7-887F-565BF331B442}.Release|Any CPU.ActiveCfg = Release|Any CPU
		{10D02FFB-A60B-40F7-887F-565BF331B442}.Release|Any CPU.Build.0 = Release|Any CPU
		{234B5908-367C-48CA-B3BF-E7029B99BCE0}.Debug|Any CPU.ActiveCfg = Debug|Any CPU
		{234B5908-367C-48CA-B3BF-E7029B99BCE0}.Debug|Any CPU.Build.0 = Debug|Any CPU
		{234B5908-367C-48CA-B3BF-E7029B99BCE0}.Release|Any CPU.ActiveCfg = Release|Any CPU
		{234B5908-367C-48CA-B3BF-E7029B99BCE0}.Release|Any CPU.Build.0 = Release|Any CPU
		{764012A3-FD89-4952-9BD4-6B2D05CEA990}.Debug|Any CPU.ActiveCfg = Debug|Any CPU
		{764012A3-FD89-4952-9BD4-6B2D05CEA990}.Debug|Any CPU.Build.0 = Debug|Any CPU
		{764012A3-FD89-4952-9BD4-6B2D05CEA990}.Release|Any CPU.ActiveCfg = Release|Any CPU
		{764012A3-FD89-4952-9BD4-6B2D05CEA990}.Release|Any CPU.Build.0 = Release|Any CPU
		{D2F9C22F-63E1-42A5-A9F4-4EC463794BB0}.Debug|Any CPU.ActiveCfg = Debug|Any CPU
		{D2F9C22F-63E1-42A5-A9F4-4EC463794BB0}.Debug|Any CPU.Build.0 = Debug|Any CPU
		{D2F9C22F-63E1-42A5-A9F4-4EC463794BB0}.Release|Any CPU.ActiveCfg = Release|Any CPU
		{D2F9C22F-63E1-42A5-A9F4-4EC463794BB0}.Release|Any CPU.Build.0 = Release|Any CPU
		{8A801F10-25BB-4087-A6C4-0D3E8520AB7B}.Debug|Any CPU.ActiveCfg = Debug|Any CPU
		{8A801F10-25BB-4087-A6C4-0D3E8520AB7B}.Debug|Any CPU.Build.0 = Debug|Any CPU
		{8A801F10-25BB-4087-A6C4-0D3E8520AB7B}.Release|Any CPU.ActiveCfg = Release|Any CPU
		{8A801F10-25BB-4087-A6C4-0D3E8520AB7B}.Release|Any CPU.Build.0 = Release|Any CPU
		{434C3038-AD5B-4624-B9A0-4DEFF81C9201}.Debug|Any CPU.ActiveCfg = Debug|Any CPU
		{434C3038-AD5B-4624-B9A0-4DEFF81C9201}.Debug|Any CPU.Build.0 = Debug|Any CPU
		{434C3038-AD5B-4624-B9A0-4DEFF81C9201}.Release|Any CPU.ActiveCfg = Release|Any CPU
		{434C3038-AD5B-4624-B9A0-4DEFF81C9201}.Release|Any CPU.Build.0 = Release|Any CPU
		{C5406CB0-BDC1-45AE-94DC-168ED99ADA69}.Debug|Any CPU.ActiveCfg = Debug|Any CPU
		{C5406CB0-BDC1-45AE-94DC-168ED99ADA69}.Debug|Any CPU.Build.0 = Debug|Any CPU
		{C5406CB0-BDC1-45AE-94DC-168ED99ADA69}.Release|Any CPU.ActiveCfg = Release|Any CPU
		{C5406CB0-BDC1-45AE-94DC-168ED99ADA69}.Release|Any CPU.Build.0 = Release|Any CPU
		{E72F68E5-26B0-4273-8B4D-63ED9F217864}.Debug|Any CPU.ActiveCfg = Debug|Any CPU
		{E72F68E5-26B0-4273-8B4D-63ED9F217864}.Debug|Any CPU.Build.0 = Debug|Any CPU
		{E72F68E5-26B0-4273-8B4D-63ED9F217864}.Release|Any CPU.ActiveCfg = Release|Any CPU
		{E72F68E5-26B0-4273-8B4D-63ED9F217864}.Release|Any CPU.Build.0 = Release|Any CPU
	EndGlobalSection
	GlobalSection(SolutionProperties) = preSolution
		HideSolutionNode = FALSE
	EndGlobalSection
	GlobalSection(NestedProjects) = preSolution
		{2514BD68-8F23-42E0-A696-531D5C5D176B} = {5517E791-478E-491D-A1C6-18AB95242F67}
		{B1BFD5B3-CF6A-4635-9CB4-03BFB62B3921} = {ACE2883A-3015-4DE9-9AA1-1D8D93CCBF41}
		{75F0FA60-08AF-487B-B402-454D19BB8CFE} = {ACE2883A-3015-4DE9-9AA1-1D8D93CCBF41}
		{D7800B73-0DFB-49E3-A450-6F0E173C30D1} = {19F04526-B7FA-4274-81FE-8B79F3715E68}
		{AA590A8F-B780-4F79-B9B1-27B08B0F0971} = {BDA0C3E3-F7BE-46F9-80F4-4026045285FC}
		{FC70FF55-E7BC-4382-BFB1-2F39DECDFF5B} = {BDA0C3E3-F7BE-46F9-80F4-4026045285FC}
		{10D02FFB-A60B-40F7-887F-565BF331B442} = {BDA0C3E3-F7BE-46F9-80F4-4026045285FC}
		{234B5908-367C-48CA-B3BF-E7029B99BCE0} = {5517E791-478E-491D-A1C6-18AB95242F67}
		{305E50B9-7AA7-4C81-A62F-09BE14CDF9CE} = {DEF55243-1D1E-42E9-B141-8EA7280E8160}
		{764012A3-FD89-4952-9BD4-6B2D05CEA990} = {BDA0C3E3-F7BE-46F9-80F4-4026045285FC}
		{D2F9C22F-63E1-42A5-A9F4-4EC463794BB0} = {BDA0C3E3-F7BE-46F9-80F4-4026045285FC}
		{434C3038-AD5B-4624-B9A0-4DEFF81C9201} = {DEF55243-1D1E-42E9-B141-8EA7280E8160}
		{C5406CB0-BDC1-45AE-94DC-168ED99ADA69} = {19F04526-B7FA-4274-81FE-8B79F3715E68}
		{19F04526-B7FA-4274-81FE-8B79F3715E68} = {BDA0C3E3-F7BE-46F9-80F4-4026045285FC}
		{E72F68E5-26B0-4273-8B4D-63ED9F217864} = {19F04526-B7FA-4274-81FE-8B79F3715E68}
	EndGlobalSection
	GlobalSection(ExtensibilityGlobals) = postSolution
		SolutionGuid = {CF6BF37E-9541-4194-92FE-4E2BC1445A72}
	EndGlobalSection
EndGlobal
